
Microsoft Visual Studio Solution File, Format Version 12.00
# Visual Studio Version 16
VisualStudioVersion = 16.0.29102.190
MinimumVisualStudioVersion = 10.0.40219.1
Project("{FAE04EC0-301F-11D3-BF4B-00C04F79EFBC}") = "SharpCall", "SharpCall.csproj", "{C1B0A923-0F17-4BC8-BA0F-C87AFF43E799}"
EndProject
Global
	GlobalSection(SolutionConfigurationPlatforms) = preSolution
		Debug|Any CPU = Debug|Any CPU
		Release|Any CPU = Release|Any CPU
	EndGlobalSection
	GlobalSection(ProjectConfigurationPlatforms) = postSolution
		{C1B0A923-0F17-4BC8-BA0F-C87AFF43E799}.Debug|Any CPU.ActiveCfg = Debug|Any CPU
		{C1B0A923-0F17-4BC8-BA0F-C87AFF43E799}.Debug|Any CPU.Build.0 = Debug|Any CPU
		{C1B0A923-0F17-4BC8-BA0F-C87AFF43E799}.Release|Any CPU.ActiveCfg = Release|Any CPU
		{C1B0A923-0F17-4BC8-BA0F-C87AFF43E799}.Release|Any CPU.Build.0 = Release|Any CPU
	EndGlobalSection
	GlobalSection(SolutionProperties) = preSolution
		HideSolutionNode = FALSE
	EndGlobalSection
	GlobalSection(ExtensibilityGlobals) = postSolution
		SolutionGuid = {35EAB4EC-4E22-435F-8835-939CA060F44E}
	EndGlobalSection
EndGlobal
